
Microsoft Visual Studio Solution File, Format Version 12.00
# Visual Studio Version 16
VisualStudioVersion = 16.0.29025.244
MinimumVisualStudioVersion = 10.0.40219.1
Project("{FAE04EC0-301F-11D3-BF4B-00C04F79EFBC}") = "OWPDemoDevOps", "OWPDemoDevOps.csproj", "{6357240E-1C13-44E8-8D48-26E876F1B568}"
EndProject
Global
	GlobalSection(SolutionConfigurationPlatforms) = preSolution
		Debug|Any CPU = Debug|Any CPU
		Release|Any CPU = Release|Any CPU
	EndGlobalSection
	GlobalSection(ProjectConfigurationPlatforms) = postSolution
		{6357240E-1C13-44E8-8D48-26E876F1B568}.Debug|Any CPU.ActiveCfg = Debug|Any CPU
		{6357240E-1C13-44E8-8D48-26E876F1B568}.Debug|Any CPU.Build.0 = Debug|Any CPU
		{6357240E-1C13-44E8-8D48-26E876F1B568}.Release|Any CPU.ActiveCfg = Release|Any CPU
		{6357240E-1C13-44E8-8D48-26E876F1B568}.Release|Any CPU.Build.0 = Release|Any CPU
	EndGlobalSection
	GlobalSection(SolutionProperties) = preSolution
		HideSolutionNode = FALSE
	EndGlobalSection
	GlobalSection(ExtensibilityGlobals) = postSolution
		SolutionGuid = {A0158155-B794-415A-AF97-98E7641C9E1D}
	EndGlobalSection
EndGlobal
